
Microsoft Visual Studio Solution File, Format Version 12.00
# Visual Studio Version 16
VisualStudioVersion = 16.0.29503.13
MinimumVisualStudioVersion = 10.0.40219.1
Project("{FAE04EC0-301F-11D3-BF4B-00C04F79EFBC}") = "KredeSoundboardGame", "KredeSoundboardGame\KredeSoundboardGame.csproj", "{C2424F9C-8327-4A1D-918A-B8D6F9E6BC11}"
EndProject
Global
	GlobalSection(SolutionConfigurationPlatforms) = preSolution
		Debug|Any CPU = Debug|Any CPU
		Release|Any CPU = Release|Any CPU
	EndGlobalSection
	GlobalSection(ProjectConfigurationPlatforms) = postSolution
		{C2424F9C-8327-4A1D-918A-B8D6F9E6BC11}.Debug|Any CPU.ActiveCfg = Debug|Any CPU
		{C2424F9C-8327-4A1D-918A-B8D6F9E6BC11}.Debug|Any CPU.Build.0 = Debug|Any CPU
		{C2424F9C-8327-4A1D-918A-B8D6F9E6BC11}.Release|Any CPU.ActiveCfg = Release|Any CPU
		{C2424F9C-8327-4A1D-918A-B8D6F9E6BC11}.Release|Any CPU.Build.0 = Release|Any CPU
	EndGlobalSection
	GlobalSection(SolutionProperties) = preSolution
		HideSolutionNode = FALSE
	EndGlobalSection
	GlobalSection(ExtensibilityGlobals) = postSolution
		SolutionGuid = {F9E33505-46DA-43CE-8FDC-FB1017E30CDB}
	EndGlobalSection
EndGlobal
